
Microsoft Visual Studio Solution File, Format Version 12.00
# Visual Studio Version 17
VisualStudioVersion = 17.8.34511.84
MinimumVisualStudioVersion = 10.0.40219.1
Project("{9A19103F-16F7-4668-BE54-9A1E7A4F7556}") = "DemoSocial.Api", "DemoSocial.Api\DemoSocial.Api.csproj", "{712BCB90-087B-4726-B5D6-1CBAB47920B1}"
EndProject
Project("{9A19103F-16F7-4668-BE54-9A1E7A4F7556}") = "DemoSocial.Domain", "DemoSocial.Domain\DemoSocial.Domain.csproj", "{E07A1EF8-04B8-4690-8480-413054E26B88}"
EndProject
Project("{9A19103F-16F7-4668-BE54-9A1E7A4F7556}") = "DemoSocial.Application", "DemoSocial.Application\DemoSocial.Application.csproj", "{E1C32C74-D0B3-442A-B17D-9A64FE41B54C}"
EndProject
Project("{9A19103F-16F7-4668-BE54-9A1E7A4F7556}") = "DemoSocial.Persistence", "DemoSocial.Persistence\DemoSocial.Persistence.csproj", "{CA33176E-32DF-4C6C-83BB-5FFB37A2EAE6}"
EndProject
Project("{9A19103F-16F7-4668-BE54-9A1E7A4F7556}") = "SharedKernel", "SharedKernel\SharedKernel.csproj", "{355E1B31-9A74-4A1F-9B00-310888734AC6}"
EndProject
Project("{2150E333-8FDC-42A3-9474-1A3956D46DE8}") = "Solution Items", "Solution Items", "{C3D77EA4-B6F3-47C8-959A-1D8A07D3A335}"
	ProjectSection(SolutionItems) = preProject
		.editorconfig = .editorconfig
	EndProjectSection
EndProject
Project("{2150E333-8FDC-42A3-9474-1A3956D46DE8}") = "tests", "tests", "{4FBEB895-A610-4B4D-86C5-78F3F88C6573}"
EndProject
Project("{FAE04EC0-301F-11D3-BF4B-00C04F79EFBC}") = "Domain.UnitTests", "Domain.UnitTests\Domain.UnitTests.csproj", "{AF985A3A-7A36-40B0-A44F-DD5E507A8F31}"
EndProject
Project("{2150E333-8FDC-42A3-9474-1A3956D46DE8}") = "src", "src", "{4CAEF668-58F7-451F-ACC1-83155D8D65FD}"
EndProject
Project("{FAE04EC0-301F-11D3-BF4B-00C04F79EFBC}") = "Application.UnitTests", "Application.UnitTests\Application.UnitTests.csproj", "{C3AC94A3-A631-4425-97FD-FCF616722927}"
EndProject
Global
	GlobalSection(SolutionConfigurationPlatforms) = preSolution
		Debug|Any CPU = Debug|Any CPU
		Release|Any CPU = Release|Any CPU
	EndGlobalSection
	GlobalSection(ProjectConfigurationPlatforms) = postSolution
		{712BCB90-087B-4726-B5D6-1CBAB47920B1}.Debug|Any CPU.ActiveCfg = Debug|Any CPU
		{712BCB90-087B-4726-B5D6-1CBAB47920B1}.Debug|Any CPU.Build.0 = Debug|Any CPU
		{712BCB90-087B-4726-B5D6-1CBAB47920B1}.Release|Any CPU.ActiveCfg = Release|Any CPU
		{712BCB90-087B-4726-B5D6-1CBAB47920B1}.Release|Any CPU.Build.0 = Release|Any CPU
		{E07A1EF8-04B8-4690-8480-413054E26B88}.Debug|Any CPU.ActiveCfg = Debug|Any CPU
		{E07A1EF8-04B8-4690-8480-413054E26B88}.Debug|Any CPU.Build.0 = Debug|Any CPU
		{E07A1EF8-04B8-4690-8480-413054E26B88}.Release|Any CPU.ActiveCfg = Release|Any CPU
		{E07A1EF8-04B8-4690-8480-413054E26B88}.Release|Any CPU.Build.0 = Release|Any CPU
		{E1C32C74-D0B3-442A-B17D-9A64FE41B54C}.Debug|Any CPU.ActiveCfg = Debug|Any CPU
		{E1C32C74-D0B3-442A-B17D-9A64FE41B54C}.Debug|Any CPU.Build.0 = Debug|Any CPU
		{E1C32C74-D0B3-442A-B17D-9A64FE41B54C}.Release|Any CPU.ActiveCfg = Release|Any CPU
		{E1C32C74-D0B3-442A-B17D-9A64FE41B54C}.Release|Any CPU.Build.0 = Release|Any CPU
		{CA33176E-32DF-4C6C-83BB-5FFB37A2EAE6}.Debug|Any CPU.ActiveCfg = Debug|Any CPU
		{CA33176E-32DF-4C6C-83BB-5FFB37A2EAE6}.Debug|Any CPU.Build.0 = Debug|Any CPU
		{CA33176E-32DF-4C6C-83BB-5FFB37A2EAE6}.Release|Any CPU.ActiveCfg = Release|Any CPU
		{CA33176E-32DF-4C6C-83BB-5FFB37A2EAE6}.Release|Any CPU.Build.0 = Release|Any CPU
		{355E1B31-9A74-4A1F-9B00-310888734AC6}.Debug|Any CPU.ActiveCfg = Debug|Any CPU
		{355E1B31-9A74-4A1F-9B00-310888734AC6}.Debug|Any CPU.Build.0 = Debug|Any CPU
		{355E1B31-9A74-4A1F-9B00-310888734AC6}.Release|Any CPU.ActiveCfg = Release|Any CPU
		{355E1B31-9A74-4A1F-9B00-310888734AC6}.Release|Any CPU.Build.0 = Release|Any CPU
		{AF985A3A-7A36-40B0-A44F-DD5E507A8F31}.Debug|Any CPU.ActiveCfg = Debug|Any CPU
		{AF985A3A-7A36-40B0-A44F-DD5E507A8F31}.Debug|Any CPU.Build.0 = Debug|Any CPU
		{AF985A3A-7A36-40B0-A44F-DD5E507A8F31}.Release|Any CPU.ActiveCfg = Release|Any CPU
		{AF985A3A-7A36-40B0-A44F-DD5E507A8F31}.Release|Any CPU.Build.0 = Release|Any CPU
		{C3AC94A3-A631-4425-97FD-FCF616722927}.Debug|Any CPU.ActiveCfg = Debug|Any CPU
		{C3AC94A3-A631-4425-97FD-FCF616722927}.Debug|Any CPU.Build.0 = Debug|Any CPU
		{C3AC94A3-A631-4425-97FD-FCF616722927}.Release|Any CPU.ActiveCfg = Release|Any CPU
		{C3AC94A3-A631-4425-97FD-FCF616722927}.Release|Any CPU.Build.0 = Release|Any CPU
	EndGlobalSection
	GlobalSection(SolutionProperties) = preSolution
		HideSolutionNode = FALSE
	EndGlobalSection
	GlobalSection(NestedProjects) = preSolution
		{712BCB90-087B-4726-B5D6-1CBAB47920B1} = {4CAEF668-58F7-451F-ACC1-83155D8D65FD}
		{E07A1EF8-04B8-4690-8480-413054E26B88} = {4CAEF668-58F7-451F-ACC1-83155D8D65FD}
		{E1C32C74-D0B3-442A-B17D-9A64FE41B54C} = {4CAEF668-58F7-451F-ACC1-83155D8D65FD}
		{CA33176E-32DF-4C6C-83BB-5FFB37A2EAE6} = {4CAEF668-58F7-451F-ACC1-83155D8D65FD}
		{355E1B31-9A74-4A1F-9B00-310888734AC6} = {4CAEF668-58F7-451F-ACC1-83155D8D65FD}
		{AF985A3A-7A36-40B0-A44F-DD5E507A8F31} = {4FBEB895-A610-4B4D-86C5-78F3F88C6573}
		{C3AC94A3-A631-4425-97FD-FCF616722927} = {4FBEB895-A610-4B4D-86C5-78F3F88C6573}
	EndGlobalSection
	GlobalSection(ExtensibilityGlobals) = postSolution
		SolutionGuid = {BDAF3885-E1AF-416E-AF47-F9492C708871}
	EndGlobalSection
EndGlobal
